{
  "version": 4,
  "terraform_version": "1.5.7",
  "serial": 155,
  "lineage": "30f393f5-a62e-4da3-69de-360c64540f7d",
  "outputs": {
    "website_bucket": {
      "value": "https://www.googleapis.com/storage/v1/b/testchanto",
      "type": "string"
    },
    "website_bucket_name": {
      "value": "testchanto",
      "type": "string"
    },
    "website_url": {
      "value": "storage.googleapis.com/testchanto",
      "type": "string"
    }
  },
  "resources": [
    {
      "mode": "managed",
      "type": "google_storage_bucket_object",
      "name": "index",
      "provider": "provider[\"registry.terraform.io/hashicorp/google\"]",
      "instances": [
        {
          "schema_version": 0,
          "attributes": {
            "bucket": "testchanto",
            "cache_control": "",
            "content": "Hello, World fucking test !",
            "content_disposition": "",
            "content_encoding": "",
            "content_language": "",
            "content_type": "text/plain; charset=utf-8",
            "crc32c": "peCL2g==",
            "customer_encryption": [],
            "detect_md5hash": "JnqweAnkNfro7NqWROl3Rg==",
            "event_based_hold": false,
            "generation": 1729959161445938,
            "id": "testchanto-index.html",
            "kms_key_name": "",
            "md5hash": "JnqweAnkNfro7NqWROl3Rg==",
            "media_link": "https://storage.googleapis.com/download/storage/v1/b/testchanto/o/index.html?generation=1729959161445938\u0026alt=media",
            "metadata": null,
            "name": "index.html",
            "output_name": "index.html",
            "retention": [],
            "self_link": "https://www.googleapis.com/storage/v1/b/testchanto/o/index.html",
            "source": null,
            "storage_class": "MULTI_REGIONAL",
            "temporary_hold": false,
            "timeouts": null
          },
          "sensitive_attributes": [],
          "private": "eyJlMmJmYjczMC1lY2FhLTExZTYtOGY4OC0zNDM2M2JjN2M0YzAiOnsiY3JlYXRlIjoyNDAwMDAwMDAwMDAsImRlbGV0ZSI6MjQwMDAwMDAwMDAwLCJ1cGRhdGUiOjI0MDAwMDAwMDAwMH19",
          "dependencies": [
            "module.static_site.google_storage_bucket.access_logs",
            "module.static_site.google_storage_bucket.website"
          ]
        }
      ]
    },
    {
      "mode": "managed",
      "type": "google_storage_bucket_object",
      "name": "not_found",
      "provider": "provider[\"registry.terraform.io/hashicorp/google\"]",
      "instances": [
        {
          "schema_version": 0,
          "attributes": {
            "bucket": "testchanto",
            "cache_control": "",
            "content": "Uh oh",
            "content_disposition": "",
            "content_encoding": "",
            "content_language": "",
            "content_type": "text/plain; charset=utf-8",
            "crc32c": "wiybnA==",
            "customer_encryption": [],
            "detect_md5hash": "d0XQ/ywTPACMWw38GXdeYg==",
            "event_based_hold": false,
            "generation": 1729959161548610,
            "id": "testchanto-404.html",
            "kms_key_name": "",
            "md5hash": "d0XQ/ywTPACMWw38GXdeYg==",
            "media_link": "https://storage.googleapis.com/download/storage/v1/b/testchanto/o/404.html?generation=1729959161548610\u0026alt=media",
            "metadata": null,
            "name": "404.html",
            "output_name": "404.html",
            "retention": [],
            "self_link": "https://www.googleapis.com/storage/v1/b/testchanto/o/404.html",
            "source": null,
            "storage_class": "MULTI_REGIONAL",
            "temporary_hold": false,
            "timeouts": null
          },
          "sensitive_attributes": [],
          "private": "eyJlMmJmYjczMC1lY2FhLTExZTYtOGY4OC0zNDM2M2JjN2M0YzAiOnsiY3JlYXRlIjoyNDAwMDAwMDAwMDAsImRlbGV0ZSI6MjQwMDAwMDAwMDAwLCJ1cGRhdGUiOjI0MDAwMDAwMDAwMH19",
          "dependencies": [
            "module.static_site.google_storage_bucket.access_logs",
            "module.static_site.google_storage_bucket.website"
          ]
        }
      ]
    },
    {
      "mode": "managed",
      "type": "google_storage_object_acl",
      "name": "index_acl",
      "provider": "provider[\"registry.terraform.io/hashicorp/google\"]",
      "instances": [
        {
          "schema_version": 0,
          "attributes": {
            "bucket": "testchanto",
            "id": "index.html-acl",
            "object": "index.html",
            "predefined_acl": null,
            "role_entity": [
              "READER:allUsers"
            ]
          },
          "sensitive_attributes": [],
          "private": "bnVsbA==",
          "dependencies": [
            "google_storage_bucket_object.index",
            "module.static_site.google_storage_bucket.access_logs",
            "module.static_site.google_storage_bucket.website"
          ]
        }
      ]
    },
    {
      "mode": "managed",
      "type": "google_storage_object_acl",
      "name": "not_found_acl",
      "provider": "provider[\"registry.terraform.io/hashicorp/google\"]",
      "instances": [
        {
          "schema_version": 0,
          "attributes": {
            "bucket": "testchanto",
            "id": "404.html-acl",
            "object": "404.html",
            "predefined_acl": null,
            "role_entity": [
              "READER:allUsers"
            ]
          },
          "sensitive_attributes": [],
          "private": "bnVsbA==",
          "dependencies": [
            "google_storage_bucket_object.not_found",
            "module.static_site.google_storage_bucket.access_logs",
            "module.static_site.google_storage_bucket.website"
          ]
        }
      ]
    },
    {
      "module": "module.static_site",
      "mode": "managed",
      "type": "google_storage_bucket",
      "name": "access_logs",
      "provider": "provider[\"registry.terraform.io/hashicorp/google-beta\"]",
      "instances": [
        {
          "schema_version": 3,
          "attributes": {
            "autoclass": [],
            "cors": [],
            "custom_placement_config": [],
            "default_event_based_hold": false,
            "effective_labels": {
              "goog-terraform-provisioned": "true"
            },
            "enable_object_retention": false,
            "encryption": [],
            "force_destroy": false,
            "id": "testchanto-logs",
            "labels": null,
            "lifecycle_rule": [
              {
                "action": [
                  {
                    "storage_class": "",
                    "type": "Delete"
                  }
                ],
                "condition": [
                  {
                    "age": 30,
                    "created_before": "",
                    "custom_time_before": "",
                    "days_since_custom_time": 0,
                    "days_since_noncurrent_time": 0,
                    "matches_prefix": [],
                    "matches_storage_class": [],
                    "matches_suffix": [],
                    "noncurrent_time_before": "",
                    "num_newer_versions": 0,
                    "send_age_if_zero": false,
                    "send_days_since_custom_time_if_zero": false,
                    "send_days_since_noncurrent_time_if_zero": false,
                    "send_num_newer_versions_if_zero": false,
                    "with_state": "ANY"
                  }
                ]
              }
            ],
            "location": "US",
            "logging": [],
            "name": "testchanto-logs",
            "project": "poc-test-infra",
            "project_number": 82429982486,
            "public_access_prevention": "inherited",
            "requester_pays": false,
            "retention_policy": [],
            "rpo": "DEFAULT",
            "self_link": "https://www.googleapis.com/storage/v1/b/testchanto-logs",
            "soft_delete_policy": [
              {
                "effective_time": "2024-10-26T16:12:39.036Z",
                "retention_duration_seconds": 604800
              }
            ],
            "storage_class": "MULTI_REGIONAL",
            "terraform_labels": {
              "goog-terraform-provisioned": "true"
            },
            "timeouts": null,
            "uniform_bucket_level_access": false,
            "url": "gs://testchanto-logs",
            "versioning": [],
            "website": []
          },
          "sensitive_attributes": [],
          "private": "eyJlMmJmYjczMC1lY2FhLTExZTYtOGY4OC0zNDM2M2JjN2M0YzAiOnsiY3JlYXRlIjo2MDAwMDAwMDAwMDAsInJlYWQiOjI0MDAwMDAwMDAwMCwidXBkYXRlIjoyNDAwMDAwMDAwMDB9LCJzY2hlbWFfdmVyc2lvbiI6IjMifQ=="
        }
      ]
    },
    {
      "module": "module.static_site",
      "mode": "managed",
      "type": "google_storage_bucket",
      "name": "website",
      "provider": "provider[\"registry.terraform.io/hashicorp/google-beta\"]",
      "instances": [
        {
          "schema_version": 3,
          "attributes": {
            "autoclass": [],
            "cors": [],
            "custom_placement_config": [],
            "default_event_based_hold": false,
            "effective_labels": {
              "goog-terraform-provisioned": "true"
            },
            "enable_object_retention": false,
            "encryption": [],
            "force_destroy": false,
            "id": "testchanto",
            "labels": null,
            "lifecycle_rule": [],
            "location": "US",
            "logging": [
              {
                "log_bucket": "testchanto-logs",
                "log_object_prefix": "testchanto"
              }
            ],
            "name": "testchanto",
            "project": "poc-test-infra",
            "project_number": 82429982486,
            "public_access_prevention": "inherited",
            "requester_pays": false,
            "retention_policy": [],
            "rpo": "DEFAULT",
            "self_link": "https://www.googleapis.com/storage/v1/b/testchanto",
            "soft_delete_policy": [
              {
                "effective_time": "2024-10-26T16:12:40.522Z",
                "retention_duration_seconds": 604800
              }
            ],
            "storage_class": "MULTI_REGIONAL",
            "terraform_labels": {
              "goog-terraform-provisioned": "true"
            },
            "timeouts": null,
            "uniform_bucket_level_access": false,
            "url": "gs://testchanto",
            "versioning": [
              {
                "enabled": false
              }
            ],
            "website": [
              {
                "main_page_suffix": "index.html",
                "not_found_page": "404.html"
              }
            ]
          },
          "sensitive_attributes": [],
          "private": "eyJlMmJmYjczMC1lY2FhLTExZTYtOGY4OC0zNDM2M2JjN2M0YzAiOnsiY3JlYXRlIjo2MDAwMDAwMDAwMDAsInJlYWQiOjI0MDAwMDAwMDAwMCwidXBkYXRlIjoyNDAwMDAwMDAwMDB9LCJzY2hlbWFfdmVyc2lvbiI6IjMifQ==",
          "dependencies": [
            "module.static_site.google_storage_bucket.access_logs"
          ]
        }
      ]
    },
    {
      "module": "module.static_site",
      "mode": "managed",
      "type": "google_storage_bucket_acl",
      "name": "analytics_write",
      "provider": "provider[\"registry.terraform.io/hashicorp/google-beta\"]",
      "instances": [
        {
          "schema_version": 0,
          "attributes": {
            "bucket": "testchanto-logs",
            "default_acl": null,
            "id": "testchanto-logs-acl",
            "predefined_acl": null,
            "role_entity": [
              "OWNER:project-owners-82429982486",
              "OWNER:project-editors-82429982486",
              "READER:project-viewers-82429982486",
              "WRITER:group-cloud-storage-analytics@google.com"
            ]
          },
          "sensitive_attributes": [],
          "private": "bnVsbA==",
          "dependencies": [
            "module.static_site.google_storage_bucket.access_logs"
          ]
        }
      ]
    },
    {
      "module": "module.static_site",
      "mode": "managed",
      "type": "google_storage_default_object_acl",
      "name": "website_acl",
      "provider": "provider[\"registry.terraform.io/hashicorp/google-beta\"]",
      "instances": [
        {
          "schema_version": 0,
          "attributes": {
            "bucket": "testchanto",
            "id": "testchanto",
            "role_entity": [
              "READER:allUsers"
            ]
          },
          "sensitive_attributes": [],
          "private": "bnVsbA==",
          "dependencies": [
            "module.static_site.google_storage_bucket.access_logs",
            "module.static_site.google_storage_bucket.website"
          ]
        }
      ]
    }
  ],
  "check_results": null
}
